{
    "name": "node-red-project",
    "version": "0.0.1",
    "lockfileVersion": 2,
    "requires": true,
    "packages": {
        "": {
            "name": "node-red-project",
            "version": "0.0.1",
            "dependencies": {
                "red-contrib-remotelearn-intelligentcontrol": "file:../usr/src/node-red/nodes/intelligentcontrol"
            }
        },
        "../usr/src/node-red/nodes/intelligentcontrol": {
            "name": "red-contrib-remotelearn-intelligentcontrol",
            "version": "1.0.0",
            "license": "ISC"
        },
        "node_modules/red-contrib-remotelearn-intelligentcontrol": {
            "resolved": "../usr/src/node-red/nodes/intelligentcontrol",
            "link": true
        }
    },
    "dependencies": {
        "red-contrib-remotelearn-intelligentcontrol": {
            "version": "file:../usr/src/node-red/nodes/intelligentcontrol"
        }
    }
}
