{
    "name": "node-red-project",
    "version": "0.0.1",
    "lockfileVersion": 2,
    "requires": true,
    "packages": {
        "": {
            "name": "node-red-project",
            "version": "0.0.1",
            "dependencies": {
                "node-pid-controller": "^1.0.1",
                "node-red-contrib-virtuallab": "file:../usr/src/nodes"
            }
        },
        "../usr/src/nodes": {
            "name": "node-red-contrib-virtuallab",
            "version": "1.0.5",
            "license": "ISC",
            "dependencies": {
                "mocha": "^9.1.3"
            },
            "devDependencies": {
                "node-red": "^2.1.3",
                "node-red-node-test-helper": "^0.2.7",
                "should": "^13.2.3"
            }
        },
        ".yalc/node-red-contrib-virtuallab": {
            "version": "1.0.5",
            "extraneous": true,
            "license": "ISC",
            "dependencies": {
                "mocha": "^9.1.3"
            }
        },
        "node_modules/node-pid-controller": {
            "version": "1.0.1",
            "resolved": "https://registry.npmjs.org/node-pid-controller/-/node-pid-controller-1.0.1.tgz",
            "integrity": "sha512-36gdeRz2emhIsznLpXksJSqmR13NU3vR+rkRlfHWCGGlZu9fK+dcTPRpud0FiH6b2Nhwm0kbcVk7vXFlg8Sw1w==",
            "engines": {
                "node": ">= v4.0.0"
            }
        },
        "node_modules/node-red-contrib-virtuallab": {
            "resolved": "../usr/src/nodes",
            "link": true
        }
    },
    "dependencies": {
        "node-pid-controller": {
            "version": "1.0.1",
            "resolved": "https://registry.npmjs.org/node-pid-controller/-/node-pid-controller-1.0.1.tgz",
            "integrity": "sha512-36gdeRz2emhIsznLpXksJSqmR13NU3vR+rkRlfHWCGGlZu9fK+dcTPRpud0FiH6b2Nhwm0kbcVk7vXFlg8Sw1w=="
        },
        "node-red-contrib-virtuallab": {
            "version": "file:../usr/src/nodes",
            "requires": {
                "mocha": "^9.1.3",
                "node-red": "^2.1.3",
                "node-red-node-test-helper": "^0.2.7",
                "should": "^13.2.3"
            }
        }
    }
}
